
Microsoft Visual Studio Solution File, Format Version 12.00
# Visual Studio Version 16
VisualStudioVersion = 16.0.33423.256
MinimumVisualStudioVersion = 10.0.40219.1
Project("{2150E333-8FDC-42A3-9474-1A3956D46DE8}") = "Solution Items", "Solution Items", "{837ADFB1-C573-45F2-A92A-3B5E70A86C4C}"
	ProjectSection(SolutionItems) = preProject
		ServiceUrls.txt = ServiceUrls.txt
	EndProjectSection
EndProject
Project("{2150E333-8FDC-42A3-9474-1A3956D46DE8}") = "src", "src", "{1E07DACC-6088-45B4-92CB-73C8D54E3679}"
EndProject
Project("{2150E333-8FDC-42A3-9474-1A3956D46DE8}") = "ApiGateways", "ApiGateways", "{9FA5EDA0-8E17-4A9F-AA4F-2CC863E75DE7}"
EndProject
Project("{2150E333-8FDC-42A3-9474-1A3956D46DE8}") = "BuildingBlocks", "BuildingBlocks", "{6A92823E-6046-4E47-9396-E76D2481B300}"
EndProject
Project("{2150E333-8FDC-42A3-9474-1A3956D46DE8}") = "Services", "Services", "{94C23FFB-1380-4FA5-9E7F-D22F2F788BDD}"
EndProject
Project("{2150E333-8FDC-42A3-9474-1A3956D46DE8}") = "Client", "Client", "{301D9635-0791-445C-BBCA-38B6427D6F9D}"
EndProject
Project("{2150E333-8FDC-42A3-9474-1A3956D46DE8}") = "BlazorWebApp", "BlazorWebApp", "{CFD2335A-7BC5-4B72-92DB-FA630DD34673}"
EndProject
Project("{2150E333-8FDC-42A3-9474-1A3956D46DE8}") = "WebApiGateway", "WebApiGateway", "{64A1BDE6-33A6-4A95-8795-BBF0DC82B57E}"
EndProject
Project("{FAE04EC0-301F-11D3-BF4B-00C04F79EFBC}") = "Web.ApiGateway", "src\ApiGateways\WebApiGateway\Web.ApiGateway\Web.ApiGateway.csproj", "{F57E5D81-0176-4E69-8EF6-4B71A80E6B36}"
EndProject
Project("{2150E333-8FDC-42A3-9474-1A3956D46DE8}") = "EventBus", "EventBus", "{71CA9EC3-CCEE-4AA1-99AD-CBEB5F724DDA}"
EndProject
Project("{FAE04EC0-301F-11D3-BF4B-00C04F79EFBC}") = "EventBus.Base", "src\BuildingBlocks\EventBus\EventBus.Base\EventBus.Base.csproj", "{9BF0C88D-900F-4857-9AF7-FF31629978F7}"
EndProject
Project("{FAE04EC0-301F-11D3-BF4B-00C04F79EFBC}") = "EventBus.Factory", "src\BuildingBlocks\EventBus\EventBus.Factory\EventBus.Factory.csproj", "{4C3A4448-4986-4930-8DD8-16C3362EF39F}"
EndProject
Project("{FAE04EC0-301F-11D3-BF4B-00C04F79EFBC}") = "EventBus.AzureServiceBus", "src\BuildingBlocks\EventBus\EventBus.AzureServiceBus\EventBus.AzureServiceBus.csproj", "{852BE561-AF2E-4DA3-9017-2607BA90A741}"
EndProject
Project("{FAE04EC0-301F-11D3-BF4B-00C04F79EFBC}") = "EventBus.RabbitMQ", "src\BuildingBlocks\EventBus\EventBus.RabbitMQ\EventBus.RabbitMQ.csproj", "{08608B46-8E0D-43B6-A73C-0C004FCAE38F}"
EndProject
Project("{FAE04EC0-301F-11D3-BF4B-00C04F79EFBC}") = "WebApp", "src\Client\BlazorWebApp\WebApp\WebApp.csproj", "{B8DFFAE7-4ED7-4BC4-9E0F-1279865F20F3}"
EndProject
Project("{2150E333-8FDC-42A3-9474-1A3956D46DE8}") = "BasketService", "BasketService", "{06940BC2-0624-4CE2-8B7E-004828C12011}"
EndProject
Project("{FAE04EC0-301F-11D3-BF4B-00C04F79EFBC}") = "BasketService.Api", "src\Services\BasketService\BasketService.Api\BasketService.Api.csproj", "{3C34B433-C302-4CB9-837D-25DDD41FE779}"
EndProject
Project("{2150E333-8FDC-42A3-9474-1A3956D46DE8}") = "CatalogService", "CatalogService", "{DC1EB187-A702-4EB4-BD9E-10ADA88632C7}"
EndProject
Project("{FAE04EC0-301F-11D3-BF4B-00C04F79EFBC}") = "CatalogService.Api", "src\Services\CatalogService\CatalogService.Api\CatalogService.Api.csproj", "{661648B6-BB90-4558-BC45-3033A5417199}"
EndProject
Project("{2150E333-8FDC-42A3-9474-1A3956D46DE8}") = "IdentityService", "IdentityService", "{7A0E27BA-C237-4F69-99CF-1F8EB8323343}"
EndProject
Project("{FAE04EC0-301F-11D3-BF4B-00C04F79EFBC}") = "IdentityService.Api", "src\Services\IdentityService\IdentityService.Api\IdentityService.Api.csproj", "{5982B110-B834-4DD2-9C57-4A333A9DF3C7}"
EndProject
Project("{2150E333-8FDC-42A3-9474-1A3956D46DE8}") = "NotificationService", "NotificationService", "{DA4FBBD9-EBB3-4267-97B2-B56DE5AFD97C}"
EndProject
Project("{FAE04EC0-301F-11D3-BF4B-00C04F79EFBC}") = "NotificationService", "src\Services\NotificationService\NotificationService\NotificationService.csproj", "{BD37ACB4-4AD3-4EF3-80C5-F60154F7B2D7}"
EndProject
Project("{2150E333-8FDC-42A3-9474-1A3956D46DE8}") = "OrderService", "OrderService", "{1C9AA076-4531-450E-A601-3CAC65CE6894}"
EndProject
Project("{FAE04EC0-301F-11D3-BF4B-00C04F79EFBC}") = "OrderService.Domain", "src\Services\OrderService\OrderService.Domain\OrderService.Domain.csproj", "{76E0C1F1-6B37-455D-A426-A97564B5F90B}"
EndProject
Project("{FAE04EC0-301F-11D3-BF4B-00C04F79EFBC}") = "OrderService.Application", "src\Services\OrderService\OrderService.Application\OrderService.Application.csproj", "{70104B6B-3965-4E6C-94CB-3FBAE531CBCE}"
EndProject
Project("{FAE04EC0-301F-11D3-BF4B-00C04F79EFBC}") = "OrderService.Infrastructure", "src\Services\OrderService\OrderService.Infrastructure\OrderService.Infrastructure.csproj", "{4F40647A-E0A7-44E9-8547-40E6F0792707}"
EndProject
Project("{FAE04EC0-301F-11D3-BF4B-00C04F79EFBC}") = "OrderService.Api", "src\Services\OrderService\OrderService.Api\OrderService.Api.csproj", "{48D7F3A3-B1A9-4B6D-A36F-D9C082145148}"
EndProject
Project("{2150E333-8FDC-42A3-9474-1A3956D46DE8}") = "PaymentService", "PaymentService", "{2A4F53D3-AAE3-4FC7-813F-6F7168C39865}"
EndProject
Project("{FAE04EC0-301F-11D3-BF4B-00C04F79EFBC}") = "PaymentService.Api", "src\Services\PaymentService\PaymentService.Api\PaymentService.Api.csproj", "{D86B7E53-4D14-4091-B0E9-22E3D6B50803}"
EndProject
Global
	GlobalSection(SolutionConfigurationPlatforms) = preSolution
		Debug|Any CPU = Debug|Any CPU
		Release|Any CPU = Release|Any CPU
	EndGlobalSection
	GlobalSection(ProjectConfigurationPlatforms) = postSolution
		{F57E5D81-0176-4E69-8EF6-4B71A80E6B36}.Debug|Any CPU.ActiveCfg = Debug|Any CPU
		{F57E5D81-0176-4E69-8EF6-4B71A80E6B36}.Debug|Any CPU.Build.0 = Debug|Any CPU
		{F57E5D81-0176-4E69-8EF6-4B71A80E6B36}.Release|Any CPU.ActiveCfg = Release|Any CPU
		{F57E5D81-0176-4E69-8EF6-4B71A80E6B36}.Release|Any CPU.Build.0 = Release|Any CPU
		{9BF0C88D-900F-4857-9AF7-FF31629978F7}.Debug|Any CPU.ActiveCfg = Debug|Any CPU
		{9BF0C88D-900F-4857-9AF7-FF31629978F7}.Debug|Any CPU.Build.0 = Debug|Any CPU
		{9BF0C88D-900F-4857-9AF7-FF31629978F7}.Release|Any CPU.ActiveCfg = Release|Any CPU
		{9BF0C88D-900F-4857-9AF7-FF31629978F7}.Release|Any CPU.Build.0 = Release|Any CPU
		{4C3A4448-4986-4930-8DD8-16C3362EF39F}.Debug|Any CPU.ActiveCfg = Debug|Any CPU
		{4C3A4448-4986-4930-8DD8-16C3362EF39F}.Debug|Any CPU.Build.0 = Debug|Any CPU
		{4C3A4448-4986-4930-8DD8-16C3362EF39F}.Release|Any CPU.ActiveCfg = Release|Any CPU
		{4C3A4448-4986-4930-8DD8-16C3362EF39F}.Release|Any CPU.Build.0 = Release|Any CPU
		{852BE561-AF2E-4DA3-9017-2607BA90A741}.Debug|Any CPU.ActiveCfg = Debug|Any CPU
		{852BE561-AF2E-4DA3-9017-2607BA90A741}.Debug|Any CPU.Build.0 = Debug|Any CPU
		{852BE561-AF2E-4DA3-9017-2607BA90A741}.Release|Any CPU.ActiveCfg = Release|Any CPU
		{852BE561-AF2E-4DA3-9017-2607BA90A741}.Release|Any CPU.Build.0 = Release|Any CPU
		{08608B46-8E0D-43B6-A73C-0C004FCAE38F}.Debug|Any CPU.ActiveCfg = Debug|Any CPU
		{08608B46-8E0D-43B6-A73C-0C004FCAE38F}.Debug|Any CPU.Build.0 = Debug|Any CPU
		{08608B46-8E0D-43B6-A73C-0C004FCAE38F}.Release|Any CPU.ActiveCfg = Release|Any CPU
		{08608B46-8E0D-43B6-A73C-0C004FCAE38F}.Release|Any CPU.Build.0 = Release|Any CPU
		{B8DFFAE7-4ED7-4BC4-9E0F-1279865F20F3}.Debug|Any CPU.ActiveCfg = Debug|Any CPU
		{B8DFFAE7-4ED7-4BC4-9E0F-1279865F20F3}.Debug|Any CPU.Build.0 = Debug|Any CPU
		{B8DFFAE7-4ED7-4BC4-9E0F-1279865F20F3}.Release|Any CPU.ActiveCfg = Release|Any CPU
		{B8DFFAE7-4ED7-4BC4-9E0F-1279865F20F3}.Release|Any CPU.Build.0 = Release|Any CPU
		{3C34B433-C302-4CB9-837D-25DDD41FE779}.Debug|Any CPU.ActiveCfg = Debug|Any CPU
		{3C34B433-C302-4CB9-837D-25DDD41FE779}.Debug|Any CPU.Build.0 = Debug|Any CPU
		{3C34B433-C302-4CB9-837D-25DDD41FE779}.Release|Any CPU.ActiveCfg = Release|Any CPU
		{3C34B433-C302-4CB9-837D-25DDD41FE779}.Release|Any CPU.Build.0 = Release|Any CPU
		{661648B6-BB90-4558-BC45-3033A5417199}.Debug|Any CPU.ActiveCfg = Debug|Any CPU
		{661648B6-BB90-4558-BC45-3033A5417199}.Debug|Any CPU.Build.0 = Debug|Any CPU
		{661648B6-BB90-4558-BC45-3033A5417199}.Release|Any CPU.ActiveCfg = Release|Any CPU
		{661648B6-BB90-4558-BC45-3033A5417199}.Release|Any CPU.Build.0 = Release|Any CPU
		{5982B110-B834-4DD2-9C57-4A333A9DF3C7}.Debug|Any CPU.ActiveCfg = Debug|Any CPU
		{5982B110-B834-4DD2-9C57-4A333A9DF3C7}.Debug|Any CPU.Build.0 = Debug|Any CPU
		{5982B110-B834-4DD2-9C57-4A333A9DF3C7}.Release|Any CPU.ActiveCfg = Release|Any CPU
		{5982B110-B834-4DD2-9C57-4A333A9DF3C7}.Release|Any CPU.Build.0 = Release|Any CPU
		{BD37ACB4-4AD3-4EF3-80C5-F60154F7B2D7}.Debug|Any CPU.ActiveCfg = Debug|Any CPU
		{BD37ACB4-4AD3-4EF3-80C5-F60154F7B2D7}.Debug|Any CPU.Build.0 = Debug|Any CPU
		{BD37ACB4-4AD3-4EF3-80C5-F60154F7B2D7}.Release|Any CPU.ActiveCfg = Release|Any CPU
		{BD37ACB4-4AD3-4EF3-80C5-F60154F7B2D7}.Release|Any CPU.Build.0 = Release|Any CPU
		{76E0C1F1-6B37-455D-A426-A97564B5F90B}.Debug|Any CPU.ActiveCfg = Debug|Any CPU
		{76E0C1F1-6B37-455D-A426-A97564B5F90B}.Debug|Any CPU.Build.0 = Debug|Any CPU
		{76E0C1F1-6B37-455D-A426-A97564B5F90B}.Release|Any CPU.ActiveCfg = Release|Any CPU
		{76E0C1F1-6B37-455D-A426-A97564B5F90B}.Release|Any CPU.Build.0 = Release|Any CPU
		{70104B6B-3965-4E6C-94CB-3FBAE531CBCE}.Debug|Any CPU.ActiveCfg = Debug|Any CPU
		{70104B6B-3965-4E6C-94CB-3FBAE531CBCE}.Debug|Any CPU.Build.0 = Debug|Any CPU
		{70104B6B-3965-4E6C-94CB-3FBAE531CBCE}.Release|Any CPU.ActiveCfg = Release|Any CPU
		{70104B6B-3965-4E6C-94CB-3FBAE531CBCE}.Release|Any CPU.Build.0 = Release|Any CPU
		{4F40647A-E0A7-44E9-8547-40E6F0792707}.Debug|Any CPU.ActiveCfg = Debug|Any CPU
		{4F40647A-E0A7-44E9-8547-40E6F0792707}.Debug|Any CPU.Build.0 = Debug|Any CPU
		{4F40647A-E0A7-44E9-8547-40E6F0792707}.Release|Any CPU.ActiveCfg = Release|Any CPU
		{4F40647A-E0A7-44E9-8547-40E6F0792707}.Release|Any CPU.Build.0 = Release|Any CPU
		{48D7F3A3-B1A9-4B6D-A36F-D9C082145148}.Debug|Any CPU.ActiveCfg = Debug|Any CPU
		{48D7F3A3-B1A9-4B6D-A36F-D9C082145148}.Debug|Any CPU.Build.0 = Debug|Any CPU
		{48D7F3A3-B1A9-4B6D-A36F-D9C082145148}.Release|Any CPU.ActiveCfg = Release|Any CPU
		{48D7F3A3-B1A9-4B6D-A36F-D9C082145148}.Release|Any CPU.Build.0 = Release|Any CPU
		{D86B7E53-4D14-4091-B0E9-22E3D6B50803}.Debug|Any CPU.ActiveCfg = Debug|Any CPU
		{D86B7E53-4D14-4091-B0E9-22E3D6B50803}.Debug|Any CPU.Build.0 = Debug|Any CPU
		{D86B7E53-4D14-4091-B0E9-22E3D6B50803}.Release|Any CPU.ActiveCfg = Release|Any CPU
		{D86B7E53-4D14-4091-B0E9-22E3D6B50803}.Release|Any CPU.Build.0 = Release|Any CPU
	EndGlobalSection
	GlobalSection(SolutionProperties) = preSolution
		HideSolutionNode = FALSE
	EndGlobalSection
	GlobalSection(NestedProjects) = preSolution
		{9FA5EDA0-8E17-4A9F-AA4F-2CC863E75DE7} = {1E07DACC-6088-45B4-92CB-73C8D54E3679}
		{6A92823E-6046-4E47-9396-E76D2481B300} = {1E07DACC-6088-45B4-92CB-73C8D54E3679}
		{94C23FFB-1380-4FA5-9E7F-D22F2F788BDD} = {1E07DACC-6088-45B4-92CB-73C8D54E3679}
		{301D9635-0791-445C-BBCA-38B6427D6F9D} = {1E07DACC-6088-45B4-92CB-73C8D54E3679}
		{CFD2335A-7BC5-4B72-92DB-FA630DD34673} = {301D9635-0791-445C-BBCA-38B6427D6F9D}
		{64A1BDE6-33A6-4A95-8795-BBF0DC82B57E} = {9FA5EDA0-8E17-4A9F-AA4F-2CC863E75DE7}
		{F57E5D81-0176-4E69-8EF6-4B71A80E6B36} = {64A1BDE6-33A6-4A95-8795-BBF0DC82B57E}
		{71CA9EC3-CCEE-4AA1-99AD-CBEB5F724DDA} = {6A92823E-6046-4E47-9396-E76D2481B300}
		{9BF0C88D-900F-4857-9AF7-FF31629978F7} = {71CA9EC3-CCEE-4AA1-99AD-CBEB5F724DDA}
		{4C3A4448-4986-4930-8DD8-16C3362EF39F} = {71CA9EC3-CCEE-4AA1-99AD-CBEB5F724DDA}
		{852BE561-AF2E-4DA3-9017-2607BA90A741} = {71CA9EC3-CCEE-4AA1-99AD-CBEB5F724DDA}
		{08608B46-8E0D-43B6-A73C-0C004FCAE38F} = {71CA9EC3-CCEE-4AA1-99AD-CBEB5F724DDA}
		{B8DFFAE7-4ED7-4BC4-9E0F-1279865F20F3} = {CFD2335A-7BC5-4B72-92DB-FA630DD34673}
		{06940BC2-0624-4CE2-8B7E-004828C12011} = {94C23FFB-1380-4FA5-9E7F-D22F2F788BDD}
		{3C34B433-C302-4CB9-837D-25DDD41FE779} = {06940BC2-0624-4CE2-8B7E-004828C12011}
		{DC1EB187-A702-4EB4-BD9E-10ADA88632C7} = {94C23FFB-1380-4FA5-9E7F-D22F2F788BDD}
		{661648B6-BB90-4558-BC45-3033A5417199} = {DC1EB187-A702-4EB4-BD9E-10ADA88632C7}
		{7A0E27BA-C237-4F69-99CF-1F8EB8323343} = {94C23FFB-1380-4FA5-9E7F-D22F2F788BDD}
		{5982B110-B834-4DD2-9C57-4A333A9DF3C7} = {7A0E27BA-C237-4F69-99CF-1F8EB8323343}
		{DA4FBBD9-EBB3-4267-97B2-B56DE5AFD97C} = {94C23FFB-1380-4FA5-9E7F-D22F2F788BDD}
		{BD37ACB4-4AD3-4EF3-80C5-F60154F7B2D7} = {DA4FBBD9-EBB3-4267-97B2-B56DE5AFD97C}
		{1C9AA076-4531-450E-A601-3CAC65CE6894} = {94C23FFB-1380-4FA5-9E7F-D22F2F788BDD}
		{76E0C1F1-6B37-455D-A426-A97564B5F90B} = {1C9AA076-4531-450E-A601-3CAC65CE6894}
		{70104B6B-3965-4E6C-94CB-3FBAE531CBCE} = {1C9AA076-4531-450E-A601-3CAC65CE6894}
		{4F40647A-E0A7-44E9-8547-40E6F0792707} = {1C9AA076-4531-450E-A601-3CAC65CE6894}
		{48D7F3A3-B1A9-4B6D-A36F-D9C082145148} = {1C9AA076-4531-450E-A601-3CAC65CE6894}
		{2A4F53D3-AAE3-4FC7-813F-6F7168C39865} = {94C23FFB-1380-4FA5-9E7F-D22F2F788BDD}
		{D86B7E53-4D14-4091-B0E9-22E3D6B50803} = {2A4F53D3-AAE3-4FC7-813F-6F7168C39865}
	EndGlobalSection
	GlobalSection(ExtensibilityGlobals) = postSolution
		SolutionGuid = {64E8541F-EB86-44E1-A38A-4A2EC02B6269}
	EndGlobalSection
EndGlobal
